
Microsoft Visual Studio Solution File, Format Version 12.00
# Visual Studio 15
VisualStudioVersion = 15.0.28307.106
MinimumVisualStudioVersion = 10.0.40219.1
Project("{FAE04EC0-301F-11D3-BF4B-00C04F79EFBC}") = "NEWWalkingManTishamI", "NEWWalkingManTishamI\NEWWalkingManTishamI.csproj", "{B1EC2EE8-83C5-457C-AB71-89049B4BD15F}"
EndProject
Global
	GlobalSection(SolutionConfigurationPlatforms) = preSolution
		Debug|Any CPU = Debug|Any CPU
		Release|Any CPU = Release|Any CPU
	EndGlobalSection
	GlobalSection(ProjectConfigurationPlatforms) = postSolution
		{B1EC2EE8-83C5-457C-AB71-89049B4BD15F}.Debug|Any CPU.ActiveCfg = Debug|Any CPU
		{B1EC2EE8-83C5-457C-AB71-89049B4BD15F}.Debug|Any CPU.Build.0 = Debug|Any CPU
		{B1EC2EE8-83C5-457C-AB71-89049B4BD15F}.Release|Any CPU.ActiveCfg = Release|Any CPU
		{B1EC2EE8-83C5-457C-AB71-89049B4BD15F}.Release|Any CPU.Build.0 = Release|Any CPU
	EndGlobalSection
	GlobalSection(SolutionProperties) = preSolution
		HideSolutionNode = FALSE
	EndGlobalSection
	GlobalSection(ExtensibilityGlobals) = postSolution
		SolutionGuid = {A4383A23-DB1C-427E-93E5-3B24632C9857}
	EndGlobalSection
EndGlobal
